
Microsoft Visual Studio Solution File, Format Version 12.00
# Visual Studio Version 16
VisualStudioVersion = 16.0.30503.244
MinimumVisualStudioVersion = 10.0.40219.1
Project("{FAE04EC0-301F-11D3-BF4B-00C04F79EFBC}") = "SalesWebMVC", "SalesWebMVC\SalesWebMVC.csproj", "{A68E23D7-5BAD-4A6D-B586-CBA369D7F517}"
EndProject
Global
	GlobalSection(SolutionConfigurationPlatforms) = preSolution
		Debug|Any CPU = Debug|Any CPU
		Release|Any CPU = Release|Any CPU
	EndGlobalSection
	GlobalSection(ProjectConfigurationPlatforms) = postSolution
		{A68E23D7-5BAD-4A6D-B586-CBA369D7F517}.Debug|Any CPU.ActiveCfg = Debug|Any CPU
		{A68E23D7-5BAD-4A6D-B586-CBA369D7F517}.Debug|Any CPU.Build.0 = Debug|Any CPU
		{A68E23D7-5BAD-4A6D-B586-CBA369D7F517}.Release|Any CPU.ActiveCfg = Release|Any CPU
		{A68E23D7-5BAD-4A6D-B586-CBA369D7F517}.Release|Any CPU.Build.0 = Release|Any CPU
	EndGlobalSection
	GlobalSection(SolutionProperties) = preSolution
		HideSolutionNode = FALSE
	EndGlobalSection
	GlobalSection(ExtensibilityGlobals) = postSolution
		SolutionGuid = {E93630CA-6156-49DE-9B4E-C52C8563EED8}
	EndGlobalSection
EndGlobal
